
Microsoft Visual Studio Solution File, Format Version 12.00
# Visual Studio 14
VisualStudioVersion = 14.0.25420.1
MinimumVisualStudioVersion = 10.0.40219.1
Project("{FAE04EC0-301F-11D3-BF4B-00C04F79EFBC}") = "MobilePhone.ConsoleApp", "MobilePhone.Console\MobilePhone.ConsoleApp.csproj", "{286945E4-1C8F-4B38-8014-FA28FE5AE8B7}"
EndProject
Project("{FAE04EC0-301F-11D3-BF4B-00C04F79EFBC}") = "MobilePhone.Base", "MobilePhone.Base\MobilePhone.Base.csproj", "{4C7947A3-AD69-4A97-82BC-D1BB8DF8068D}"
EndProject
Project("{FAE04EC0-301F-11D3-BF4B-00C04F79EFBC}") = "MobilePhone.WindowsFormsApp", "MobilePhone.WindowsFormsApp\MobilePhone.WindowsFormsApp.csproj", "{46DB0C18-8572-490A-822A-11053DDBE0FB}"
EndProject
Project("{FAE04EC0-301F-11D3-BF4B-00C04F79EFBC}") = "MobilePhone.UnitTestProject", "MobilePhone.UnitTestProject\MobilePhone.UnitTestProject.csproj", "{5A46E18C-A42E-4C33-8651-188BA49B9BE0}"
EndProject
Project("{FAE04EC0-301F-11D3-BF4B-00C04F79EFBC}") = "SMSSender", "SMSSender\SMSSender.csproj", "{D3D08ECF-1C24-4560-A69E-972899B95E5E}"
EndProject
Project("{2150E333-8FDC-42A3-9474-1A3956D46DE8}") = "Tests", "Tests", "{C50730DC-B064-4B9D-9723-522D5FC78C73}"
EndProject
Project("{FAE04EC0-301F-11D3-BF4B-00C04F79EFBC}") = "MessageFormatting.UnitTestProject", "MessageFormatting.UnitTestProject\MessageFormatting.UnitTestProject.csproj", "{80DBAFDD-7381-4EDC-BF13-715E5F332676}"
EndProject
Project("{FAE04EC0-301F-11D3-BF4B-00C04F79EFBC}") = "MobilePhone.MessageFiltering.UnitTestProject", "MobilePhone.MessageFiltering.UnitTestProject\MobilePhone.MessageFiltering.UnitTestProject.csproj", "{6E49A997-702C-4873-9FD6-84D227D6B35C}"
EndProject
Project("{FAE04EC0-301F-11D3-BF4B-00C04F79EFBC}") = "MobilePhone.ThreadingTasksUnitTestProject", "MobilePhone.ThreadingTasksUnitTestProject\MobilePhone.ThreadingTasksUnitTestProject.csproj", "{DF5C2FDC-6E81-4742-90AE-3FACC8E73922}"
EndProject
Global
	GlobalSection(SolutionConfigurationPlatforms) = preSolution
		Debug|Any CPU = Debug|Any CPU
		Release|Any CPU = Release|Any CPU
	EndGlobalSection
	GlobalSection(ProjectConfigurationPlatforms) = postSolution
		{286945E4-1C8F-4B38-8014-FA28FE5AE8B7}.Debug|Any CPU.ActiveCfg = Debug|Any CPU
		{286945E4-1C8F-4B38-8014-FA28FE5AE8B7}.Debug|Any CPU.Build.0 = Debug|Any CPU
		{286945E4-1C8F-4B38-8014-FA28FE5AE8B7}.Release|Any CPU.ActiveCfg = Release|Any CPU
		{286945E4-1C8F-4B38-8014-FA28FE5AE8B7}.Release|Any CPU.Build.0 = Release|Any CPU
		{4C7947A3-AD69-4A97-82BC-D1BB8DF8068D}.Debug|Any CPU.ActiveCfg = Debug|Any CPU
		{4C7947A3-AD69-4A97-82BC-D1BB8DF8068D}.Debug|Any CPU.Build.0 = Debug|Any CPU
		{4C7947A3-AD69-4A97-82BC-D1BB8DF8068D}.Release|Any CPU.ActiveCfg = Release|Any CPU
		{4C7947A3-AD69-4A97-82BC-D1BB8DF8068D}.Release|Any CPU.Build.0 = Release|Any CPU
		{46DB0C18-8572-490A-822A-11053DDBE0FB}.Debug|Any CPU.ActiveCfg = Debug|Any CPU
		{46DB0C18-8572-490A-822A-11053DDBE0FB}.Debug|Any CPU.Build.0 = Debug|Any CPU
		{46DB0C18-8572-490A-822A-11053DDBE0FB}.Release|Any CPU.ActiveCfg = Release|Any CPU
		{46DB0C18-8572-490A-822A-11053DDBE0FB}.Release|Any CPU.Build.0 = Release|Any CPU
		{5A46E18C-A42E-4C33-8651-188BA49B9BE0}.Debug|Any CPU.ActiveCfg = Debug|Any CPU
		{5A46E18C-A42E-4C33-8651-188BA49B9BE0}.Debug|Any CPU.Build.0 = Debug|Any CPU
		{5A46E18C-A42E-4C33-8651-188BA49B9BE0}.Release|Any CPU.ActiveCfg = Release|Any CPU
		{5A46E18C-A42E-4C33-8651-188BA49B9BE0}.Release|Any CPU.Build.0 = Release|Any CPU
		{D3D08ECF-1C24-4560-A69E-972899B95E5E}.Debug|Any CPU.ActiveCfg = Debug|Any CPU
		{D3D08ECF-1C24-4560-A69E-972899B95E5E}.Debug|Any CPU.Build.0 = Debug|Any CPU
		{D3D08ECF-1C24-4560-A69E-972899B95E5E}.Release|Any CPU.ActiveCfg = Release|Any CPU
		{D3D08ECF-1C24-4560-A69E-972899B95E5E}.Release|Any CPU.Build.0 = Release|Any CPU
		{80DBAFDD-7381-4EDC-BF13-715E5F332676}.Debug|Any CPU.ActiveCfg = Debug|Any CPU
		{80DBAFDD-7381-4EDC-BF13-715E5F332676}.Debug|Any CPU.Build.0 = Debug|Any CPU
		{80DBAFDD-7381-4EDC-BF13-715E5F332676}.Release|Any CPU.ActiveCfg = Release|Any CPU
		{80DBAFDD-7381-4EDC-BF13-715E5F332676}.Release|Any CPU.Build.0 = Release|Any CPU
		{6E49A997-702C-4873-9FD6-84D227D6B35C}.Debug|Any CPU.ActiveCfg = Debug|Any CPU
		{6E49A997-702C-4873-9FD6-84D227D6B35C}.Debug|Any CPU.Build.0 = Debug|Any CPU
		{6E49A997-702C-4873-9FD6-84D227D6B35C}.Release|Any CPU.ActiveCfg = Release|Any CPU
		{6E49A997-702C-4873-9FD6-84D227D6B35C}.Release|Any CPU.Build.0 = Release|Any CPU
		{DF5C2FDC-6E81-4742-90AE-3FACC8E73922}.Debug|Any CPU.ActiveCfg = Debug|Any CPU
		{DF5C2FDC-6E81-4742-90AE-3FACC8E73922}.Debug|Any CPU.Build.0 = Debug|Any CPU
		{DF5C2FDC-6E81-4742-90AE-3FACC8E73922}.Release|Any CPU.ActiveCfg = Release|Any CPU
		{DF5C2FDC-6E81-4742-90AE-3FACC8E73922}.Release|Any CPU.Build.0 = Release|Any CPU
	EndGlobalSection
	GlobalSection(SolutionProperties) = preSolution
		HideSolutionNode = FALSE
	EndGlobalSection
	GlobalSection(NestedProjects) = preSolution
		{5A46E18C-A42E-4C33-8651-188BA49B9BE0} = {C50730DC-B064-4B9D-9723-522D5FC78C73}
		{80DBAFDD-7381-4EDC-BF13-715E5F332676} = {C50730DC-B064-4B9D-9723-522D5FC78C73}
		{6E49A997-702C-4873-9FD6-84D227D6B35C} = {C50730DC-B064-4B9D-9723-522D5FC78C73}
		{DF5C2FDC-6E81-4742-90AE-3FACC8E73922} = {C50730DC-B064-4B9D-9723-522D5FC78C73}
	EndGlobalSection
EndGlobal
